// !$*UTF8*$!
{
	archiveVersion = 1;
	classes = {
	};
	objectVersion = 55;
	objects = {

/* Begin PBXBuildFile section */
		9F7ED67628D5B18100C18321 /* AppDelegate.swift in Sources */ = {isa = PBXBuildFile; fileRef = 9F7ED67528D5B18100C18321 /* AppDelegate.swift */; };
		9F7ED67828D5B18100C18321 /* SceneDelegate.swift in Sources */ = {isa = PBXBuildFile; fileRef = 9F7ED67728D5B18100C18321 /* SceneDelegate.swift */; };
		9F7ED67A28D5B18100C18321 /* ViewController.swift in Sources */ = {isa = PBXBuildFile; fileRef = 9F7ED67928D5B18100C18321 /* ViewController.swift */; };
		9F7ED67D28D5B18100C18321 /* Main.storyboard in Resources */ = {isa = PBXBuildFile; fileRef = 9F7ED67B28D5B18100C18321 /* Main.storyboard */; };
		9F7ED68028D5B18100C18321 /* ProductsInfoApp.xcdatamodeld in Sources */ = {isa = PBXBuildFile; fileRef = 9F7ED67E28D5B18100C18321 /* ProductsInfoApp.xcdatamodeld */; };
		9F7ED68228D5B18300C18321 /* Assets.xcassets in Resources */ = {isa = PBXBuildFile; fileRef = 9F7ED68128D5B18300C18321 /* Assets.xcassets */; };
		9F7ED68528D5B18300C18321 /* LaunchScreen.storyboard in Resources */ = {isa = PBXBuildFile; fileRef = 9F7ED68328D5B18300C18321 /* LaunchScreen.storyboard */; };
		9F7ED69028D5B18300C18321 /* ProductsInfoAppTests.swift in Sources */ = {isa = PBXBuildFile; fileRef = 9F7ED68F28D5B18300C18321 /* ProductsInfoAppTests.swift */; };
		9F7ED69A28D5B18300C18321 /* ProductsInfoAppUITests.swift in Sources */ = {isa = PBXBuildFile; fileRef = 9F7ED69928D5B18300C18321 /* ProductsInfoAppUITests.swift */; };
		9F7ED69C28D5B18300C18321 /* ProductsInfoAppUITestsLaunchTests.swift in Sources */ = {isa = PBXBuildFile; fileRef = 9F7ED69B28D5B18300C18321 /* ProductsInfoAppUITestsLaunchTests.swift */; };
		9F7ED6A928D5B5A400C18321 /* ProductsListViewControllerEXtension.swift in Sources */ = {isa = PBXBuildFile; fileRef = 9F7ED6A828D5B5A400C18321 /* ProductsListViewControllerEXtension.swift */; };
		9F7ED6AC28D5B60100C18321 /* ProductTableViewCell.swift in Sources */ = {isa = PBXBuildFile; fileRef = 9F7ED6AA28D5B60100C18321 /* ProductTableViewCell.swift */; };
		9F7ED6AD28D5B60100C18321 /* ProductTableViewCell.xib in Resources */ = {isa = PBXBuildFile; fileRef = 9F7ED6AB28D5B60100C18321 /* ProductTableViewCell.xib */; };
		9F7ED6B328D5BC8500C18321 /* Products.swift in Sources */ = {isa = PBXBuildFile; fileRef = 9F7ED6B228D5BC8500C18321 /* Products.swift */; };
		9F7ED6B528D5FBA100C18321 /* ProductDetailsViewController.swift in Sources */ = {isa = PBXBuildFile; fileRef = 9F7ED6B428D5FBA000C18321 /* ProductDetailsViewController.swift */; };
/* End PBXBuildFile section */

/* Begin PBXContainerItemProxy section */
		9F7ED68C28D5B18300C18321 /* PBXContainerItemProxy */ = {
			isa = PBXContainerItemProxy;
			containerPortal = 9F7ED66A28D5B18100C18321 /* Project object */;
			proxyType = 1;
			remoteGlobalIDString = 9F7ED67128D5B18100C18321;
			remoteInfo = ProductsInfoApp;
		};
		9F7ED69628D5B18300C18321 /* PBXContainerItemProxy */ = {
			isa = PBXContainerItemProxy;
			containerPortal = 9F7ED66A28D5B18100C18321 /* Project object */;
			proxyType = 1;
			remoteGlobalIDString = 9F7ED67128D5B18100C18321;
			remoteInfo = ProductsInfoApp;
		};
/* End PBXContainerItemProxy section */

/* Begin PBXFileReference section */
		9F7ED67228D5B18100C18321 /* ProductsInfoApp.app */ = {isa = PBXFileReference; explicitFileType = wrapper.application; includeInIndex = 0; path = ProductsInfoApp.app; sourceTree = BUILT_PRODUCTS_DIR; };
		9F7ED67528D5B18100C18321 /* AppDelegate.swift */ = {isa = PBXFileReference; lastKnownFileType = sourcecode.swift; path = AppDelegate.swift; sourceTree = "<group>"; };
		9F7ED67728D5B18100C18321 /* SceneDelegate.swift */ = {isa = PBXFileReference; lastKnownFileType = sourcecode.swift; path = SceneDelegate.swift; sourceTree = "<group>"; };
		9F7ED67928D5B18100C18321 /* ViewController.swift */ = {isa = PBXFileReference; lastKnownFileType = sourcecode.swift; path = ViewController.swift; sourceTree = "<group>"; };
		9F7ED67C28D5B18100C18321 /* Base */ = {isa = PBXFileReference; lastKnownFileType = file.storyboard; name = Base; path = Base.lproj/Main.storyboard; sourceTree = "<group>"; };
		9F7ED67F28D5B18100C18321 /* ProductsInfoApp.xcdatamodel */ = {isa = PBXFileReference; lastKnownFileType = wrapper.xcdatamodel; path = ProductsInfoApp.xcdatamodel; sourceTree = "<group>"; };
		9F7ED68128D5B18300C18321 /* Assets.xcassets */ = {isa = PBXFileReference; lastKnownFileType = folder.assetcatalog; path = Assets.xcassets; sourceTree = "<group>"; };
		9F7ED68428D5B18300C18321 /* Base */ = {isa = PBXFileReference; lastKnownFileType = file.storyboard; name = Base; path = Base.lproj/LaunchScreen.storyboard; sourceTree = "<group>"; };
		9F7ED68628D5B18300C18321 /* Info.plist */ = {isa = PBXFileReference; lastKnownFileType = text.plist.xml; path = Info.plist; sourceTree = "<group>"; };
		9F7ED68B28D5B18300C18321 /* ProductsInfoAppTests.xctest */ = {isa = PBXFileReference; explicitFileType = wrapper.cfbundle; includeInIndex = 0; path = ProductsInfoAppTests.xctest; sourceTree = BUILT_PRODUCTS_DIR; };
		9F7ED68F28D5B18300C18321 /* ProductsInfoAppTests.swift */ = {isa = PBXFileReference; lastKnownFileType = sourcecode.swift; path = ProductsInfoAppTests.swift; sourceTree = "<group>"; };
		9F7ED69528D5B18300C18321 /* ProductsInfoAppUITests.xctest */ = {isa = PBXFileReference; explicitFileType = wrapper.cfbundle; includeInIndex = 0; path = ProductsInfoAppUITests.xctest; sourceTree = BUILT_PRODUCTS_DIR; };
		9F7ED69928D5B18300C18321 /* ProductsInfoAppUITests.swift */ = {isa = PBXFileReference; lastKnownFileType = sourcecode.swift; path = ProductsInfoAppUITests.swift; sourceTree = "<group>"; };
		9F7ED69B28D5B18300C18321 /* ProductsInfoAppUITestsLaunchTests.swift */ = {isa = PBXFileReference; lastKnownFileType = sourcecode.swift; path = ProductsInfoAppUITestsLaunchTests.swift; sourceTree = "<group>"; };
		9F7ED6A828D5B5A400C18321 /* ProductsListViewControllerEXtension.swift */ = {isa = PBXFileReference; lastKnownFileType = sourcecode.swift; path = ProductsListViewControllerEXtension.swift; sourceTree = "<group>"; };
		9F7ED6AA28D5B60100C18321 /* ProductTableViewCell.swift */ = {isa = PBXFileReference; lastKnownFileType = sourcecode.swift; path = ProductTableViewCell.swift; sourceTree = "<group>"; };
		9F7ED6AB28D5B60100C18321 /* ProductTableViewCell.xib */ = {isa = PBXFileReference; lastKnownFileType = file.xib; path = ProductTableViewCell.xib; sourceTree = "<group>"; };
		9F7ED6B228D5BC8500C18321 /* Products.swift */ = {isa = PBXFileReference; lastKnownFileType = sourcecode.swift; path = Products.swift; sourceTree = "<group>"; };
		9F7ED6B428D5FBA000C18321 /* ProductDetailsViewController.swift */ = {isa = PBXFileReference; lastKnownFileType = sourcecode.swift; path = ProductDetailsViewController.swift; sourceTree = "<group>"; };
/* End PBXFileReference section */

/* Begin PBXFrameworksBuildPhase section */
		9F7ED66F28D5B18100C18321 /* Frameworks */ = {
			isa = PBXFrameworksBuildPhase;
			buildActionMask = 2147483647;
			files = (
			);
			runOnlyForDeploymentPostprocessing = 0;
		};
		9F7ED68828D5B18300C18321 /* Frameworks */ = {
			isa = PBXFrameworksBuildPhase;
			buildActionMask = 2147483647;
			files = (
			);
			runOnlyForDeploymentPostprocessing = 0;
		};
		9F7ED69228D5B18300C18321 /* Frameworks */ = {
			isa = PBXFrameworksBuildPhase;
			buildActionMask = 2147483647;
			files = (
			);
			runOnlyForDeploymentPostprocessing = 0;
		};
/* End PBXFrameworksBuildPhase section */

/* Begin PBXGroup section */
		9F7ED66928D5B18100C18321 = {
			isa = PBXGroup;
			children = (
				9F7ED67428D5B18100C18321 /* ProductsInfoApp */,
				9F7ED68E28D5B18300C18321 /* ProductsInfoAppTests */,
				9F7ED69828D5B18300C18321 /* ProductsInfoAppUITests */,
				9F7ED67328D5B18100C18321 /* Products */,
			);
			sourceTree = "<group>";
		};
		9F7ED67328D5B18100C18321 /* Products */ = {
			isa = PBXGroup;
			children = (
				9F7ED67228D5B18100C18321 /* ProductsInfoApp.app */,
				9F7ED68B28D5B18300C18321 /* ProductsInfoAppTests.xctest */,
				9F7ED69528D5B18300C18321 /* ProductsInfoAppUITests.xctest */,
			);
			name = Products;
			sourceTree = "<group>";
		};
		9F7ED67428D5B18100C18321 /* ProductsInfoApp */ = {
			isa = PBXGroup;
			children = (
				9F7ED67528D5B18100C18321 /* AppDelegate.swift */,
				9F7ED67728D5B18100C18321 /* SceneDelegate.swift */,
				9F7ED6B128D5BC5700C18321 /* Model */,
				9F7ED6B028D5B7DF00C18321 /* ProductsListViewController */,
				9F7ED6AE28D5B78C00C18321 /* Extensions */,
				9F7ED6AF28D5B7B900C18321 /* TableViewCell */,
				9F7ED67B28D5B18100C18321 /* Main.storyboard */,
				9F7ED68128D5B18300C18321 /* Assets.xcassets */,
				9F7ED68328D5B18300C18321 /* LaunchScreen.storyboard */,
				9F7ED68628D5B18300C18321 /* Info.plist */,
				9F7ED67E28D5B18100C18321 /* ProductsInfoApp.xcdatamodeld */,
			);
			path = ProductsInfoApp;
			sourceTree = "<group>";
		};
		9F7ED68E28D5B18300C18321 /* ProductsInfoAppTests */ = {
			isa = PBXGroup;
			children = (
				9F7ED68F28D5B18300C18321 /* ProductsInfoAppTests.swift */,
			);
			path = ProductsInfoAppTests;
			sourceTree = "<group>";
		};
		9F7ED69828D5B18300C18321 /* ProductsInfoAppUITests */ = {
			isa = PBXGroup;
			children = (
				9F7ED69928D5B18300C18321 /* ProductsInfoAppUITests.swift */,
				9F7ED69B28D5B18300C18321 /* ProductsInfoAppUITestsLaunchTests.swift */,
			);
			path = ProductsInfoAppUITests;
			sourceTree = "<group>";
		};
		9F7ED6AE28D5B78C00C18321 /* Extensions */ = {
			isa = PBXGroup;
			children = (
				9F7ED6A828D5B5A400C18321 /* ProductsListViewControllerEXtension.swift */,
			);
			path = Extensions;
			sourceTree = "<group>";
		};
		9F7ED6AF28D5B7B900C18321 /* TableViewCell */ = {
			isa = PBXGroup;
			children = (
				9F7ED6AA28D5B60100C18321 /* ProductTableViewCell.swift */,
				9F7ED6AB28D5B60100C18321 /* ProductTableViewCell.xib */,
			);
			path = TableViewCell;
			sourceTree = "<group>";
		};
		9F7ED6B028D5B7DF00C18321 /* ProductsListViewController */ = {
			isa = PBXGroup;
			children = (
				9F7ED67928D5B18100C18321 /* ViewController.swift */,
				9F7ED6B428D5FBA000C18321 /* ProductDetailsViewController.swift */,
			);
			path = ProductsListViewController;
			sourceTree = "<group>";
		};
		9F7ED6B128D5BC5700C18321 /* Model */ = {
			isa = PBXGroup;
			children = (
				9F7ED6B228D5BC8500C18321 /* Products.swift */,
			);
			path = Model;
			sourceTree = "<group>";
		};
/* End PBXGroup section */

/* Begin PBXNativeTarget section */
		9F7ED67128D5B18100C18321 /* ProductsInfoApp */ = {
			isa = PBXNativeTarget;
			buildConfigurationList = 9F7ED69F28D5B18300C18321 /* Build configuration list for PBXNativeTarget "ProductsInfoApp" */;
			buildPhases = (
				9F7ED66E28D5B18100C18321 /* Sources */,
				9F7ED66F28D5B18100C18321 /* Frameworks */,
				9F7ED67028D5B18100C18321 /* Resources */,
			);
			buildRules = (
			);
			dependencies = (
			);
			name = ProductsInfoApp;
			productName = ProductsInfoApp;
			productReference = 9F7ED67228D5B18100C18321 /* ProductsInfoApp.app */;
			productType = "com.apple.product-type.application";
		};
		9F7ED68A28D5B18300C18321 /* ProductsInfoAppTests */ = {
			isa = PBXNativeTarget;
			buildConfigurationList = 9F7ED6A228D5B18300C18321 /* Build configuration list for PBXNativeTarget "ProductsInfoAppTests" */;
			buildPhases = (
				9F7ED68728D5B18300C18321 /* Sources */,
				9F7ED68828D5B18300C18321 /* Frameworks */,
				9F7ED68928D5B18300C18321 /* Resources */,
			);
			buildRules = (
			);
			dependencies = (
				9F7ED68D28D5B18300C18321 /* PBXTargetDependency */,
			);
			name = ProductsInfoAppTests;
			productName = ProductsInfoAppTests;
			productReference = 9F7ED68B28D5B18300C18321 /* ProductsInfoAppTests.xctest */;
			productType = "com.apple.product-type.bundle.unit-test";
		};
		9F7ED69428D5B18300C18321 /* ProductsInfoAppUITests */ = {
			isa = PBXNativeTarget;
			buildConfigurationList = 9F7ED6A528D5B18300C18321 /* Build configuration list for PBXNativeTarget "ProductsInfoAppUITests" */;
			buildPhases = (
				9F7ED69128D5B18300C18321 /* Sources */,
				9F7ED69228D5B18300C18321 /* Frameworks */,
				9F7ED69328D5B18300C18321 /* Resources */,
			);
			buildRules = (
			);
			dependencies = (
				9F7ED69728D5B18300C18321 /* PBXTargetDependency */,
			);
			name = ProductsInfoAppUITests;
			productName = ProductsInfoAppUITests;
			productReference = 9F7ED69528D5B18300C18321 /* ProductsInfoAppUITests.xctest */;
			productType = "com.apple.product-type.bundle.ui-testing";
		};
/* End PBXNativeTarget section */

/* Begin PBXProject section */
		9F7ED66A28D5B18100C18321 /* Project object */ = {
			isa = PBXProject;
			attributes = {
				BuildIndependentTargetsInParallel = 1;
				LastSwiftUpdateCheck = 1340;
				LastUpgradeCheck = 1340;
				TargetAttributes = {
					9F7ED67128D5B18100C18321 = {
						CreatedOnToolsVersion = 13.4.1;
					};
					9F7ED68A28D5B18300C18321 = {
						CreatedOnToolsVersion = 13.4.1;
						TestTargetID = 9F7ED67128D5B18100C18321;
					};
					9F7ED69428D5B18300C18321 = {
						CreatedOnToolsVersion = 13.4.1;
						TestTargetID = 9F7ED67128D5B18100C18321;
					};
				};
			};
			buildConfigurationList = 9F7ED66D28D5B18100C18321 /* Build configuration list for PBXProject "ProductsInfoApp" */;
			compatibilityVersion = "Xcode 13.0";
			developmentRegion = en;
			hasScannedForEncodings = 0;
			knownRegions = (
				en,
				Base,
			);
			mainGroup = 9F7ED66928D5B18100C18321;
			productRefGroup = 9F7ED67328D5B18100C18321 /* Products */;
			projectDirPath = "";
			projectRoot = "";
			targets = (
				9F7ED67128D5B18100C18321 /* ProductsInfoApp */,
				9F7ED68A28D5B18300C18321 /* ProductsInfoAppTests */,
				9F7ED69428D5B18300C18321 /* ProductsInfoAppUITests */,
			);
		};
/* End PBXProject section */

/* Begin PBXResourcesBuildPhase section */
		9F7ED67028D5B18100C18321 /* Resources */ = {
			isa = PBXResourcesBuildPhase;
			buildActionMask = 2147483647;
			files = (
				9F7ED68528D5B18300C18321 /* LaunchScreen.storyboard in Resources */,
				9F7ED6AD28D5B60100C18321 /* ProductTableViewCell.xib in Resources */,
				9F7ED68228D5B18300C18321 /* Assets.xcassets in Resources */,
				9F7ED67D28D5B18100C18321 /* Main.storyboard in Resources */,
			);
			runOnlyForDeploymentPostprocessing = 0;
		};
		9F7ED68928D5B18300C18321 /* Resources */ = {
			isa = PBXResourcesBuildPhase;
			buildActionMask = 2147483647;
			files = (
			);
			runOnlyForDeploymentPostprocessing = 0;
		};
		9F7ED69328D5B18300C18321 /* Resources */ = {
			isa = PBXResourcesBuildPhase;
			buildActionMask = 2147483647;
			files = (
			);
			runOnlyForDeploymentPostprocessing = 0;
		};
/* End PBXResourcesBuildPhase section */

/* Begin PBXSourcesBuildPhase section */
		9F7ED66E28D5B18100C18321 /* Sources */ = {
			isa = PBXSourcesBuildPhase;
			buildActionMask = 2147483647;
			files = (
				9F7ED67A28D5B18100C18321 /* ViewController.swift in Sources */,
				9F7ED68028D5B18100C18321 /* ProductsInfoApp.xcdatamodeld in Sources */,
				9F7ED67628D5B18100C18321 /* AppDelegate.swift in Sources */,
				9F7ED6B328D5BC8500C18321 /* Products.swift in Sources */,
				9F7ED6A928D5B5A400C18321 /* ProductsListViewControllerEXtension.swift in Sources */,
				9F7ED67828D5B18100C18321 /* SceneDelegate.swift in Sources */,
				9F7ED6AC28D5B60100C18321 /* ProductTableViewCell.swift in Sources */,
				9F7ED6B528D5FBA100C18321 /* ProductDetailsViewController.swift in Sources */,
			);
			runOnlyForDeploymentPostprocessing = 0;
		};
		9F7ED68728D5B18300C18321 /* Sources */ = {
			isa = PBXSourcesBuildPhase;
			buildActionMask = 2147483647;
			files = (
				9F7ED69028D5B18300C18321 /* ProductsInfoAppTests.swift in Sources */,
			);
			runOnlyForDeploymentPostprocessing = 0;
		};
		9F7ED69128D5B18300C18321 /* Sources */ = {
			isa = PBXSourcesBuildPhase;
			buildActionMask = 2147483647;
			files = (
				9F7ED69C28D5B18300C18321 /* ProductsInfoAppUITestsLaunchTests.swift in Sources */,
				9F7ED69A28D5B18300C18321 /* ProductsInfoAppUITests.swift in Sources */,
			);
			runOnlyForDeploymentPostprocessing = 0;
		};
/* End PBXSourcesBuildPhase section */

/* Begin PBXTargetDependency section */
		9F7ED68D28D5B18300C18321 /* PBXTargetDependency */ = {
			isa = PBXTargetDependency;
			target = 9F7ED67128D5B18100C18321 /* ProductsInfoApp */;
			targetProxy = 9F7ED68C28D5B18300C18321 /* PBXContainerItemProxy */;
		};
		9F7ED69728D5B18300C18321 /* PBXTargetDependency */ = {
			isa = PBXTargetDependency;
			target = 9F7ED67128D5B18100C18321 /* ProductsInfoApp */;
			targetProxy = 9F7ED69628D5B18300C18321 /* PBXContainerItemProxy */;
		};
/* End PBXTargetDependency section */

/* Begin PBXVariantGroup section */
		9F7ED67B28D5B18100C18321 /* Main.storyboard */ = {
			isa = PBXVariantGroup;
			children = (
				9F7ED67C28D5B18100C18321 /* Base */,
			);
			name = Main.storyboard;
			sourceTree = "<group>";
		};
		9F7ED68328D5B18300C18321 /* LaunchScreen.storyboard */ = {
			isa = PBXVariantGroup;
			children = (
				9F7ED68428D5B18300C18321 /* Base */,
			);
			name = LaunchScreen.storyboard;
			sourceTree = "<group>";
		};
/* End PBXVariantGroup section */

/* Begin XCBuildConfiguration section */
		9F7ED69D28D5B18300C18321 /* Debug */ = {
			isa = XCBuildConfiguration;
			buildSettings = {
				ALWAYS_SEARCH_USER_PATHS = NO;
				CLANG_ANALYZER_NONNULL = YES;
				CLANG_ANALYZER_NUMBER_OBJECT_CONVERSION = YES_AGGRESSIVE;
				CLANG_CXX_LANGUAGE_STANDARD = "gnu++17";
				CLANG_ENABLE_MODULES = YES;
				CLANG_ENABLE_OBJC_ARC = YES;
				CLANG_ENABLE_OBJC_WEAK = YES;
				CLANG_WARN_BLOCK_CAPTURE_AUTORELEASING = YES;
				CLANG_WARN_BOOL_CONVERSION = YES;
				CLANG_WARN_COMMA = YES;
				CLANG_WARN_CONSTANT_CONVERSION = YES;
				CLANG_WARN_DEPRECATED_OBJC_IMPLEMENTATIONS = YES;
				CLANG_WARN_DIRECT_OBJC_ISA_USAGE = YES_ERROR;
				CLANG_WARN_DOCUMENTATION_COMMENTS = YES;
				CLANG_WARN_EMPTY_BODY = YES;
				CLANG_WARN_ENUM_CONVERSION = YES;
				CLANG_WARN_INFINITE_RECURSION = YES;
				CLANG_WARN_INT_CONVERSION = YES;
				CLANG_WARN_NON_LITERAL_NULL_CONVERSION = YES;
				CLANG_WARN_OBJC_IMPLICIT_RETAIN_SELF = YES;
				CLANG_WARN_OBJC_LITERAL_CONVERSION = YES;
				CLANG_WARN_OBJC_ROOT_CLASS = YES_ERROR;
				CLANG_WARN_QUOTED_INCLUDE_IN_FRAMEWORK_HEADER = YES;
				CLANG_WARN_RANGE_LOOP_ANALYSIS = YES;
				CLANG_WARN_STRICT_PROTOTYPES = YES;
				CLANG_WARN_SUSPICIOUS_MOVE = YES;
				CLANG_WARN_UNGUARDED_AVAILABILITY = YES_AGGRESSIVE;
				CLANG_WARN_UNREACHABLE_CODE = YES;
				CLANG_WARN__DUPLICATE_METHOD_MATCH = YES;
				COPY_PHASE_STRIP = NO;
				DEBUG_INFORMATION_FORMAT = dwarf;
				ENABLE_STRICT_OBJC_MSGSEND = YES;
				ENABLE_TESTABILITY = YES;
				GCC_C_LANGUAGE_STANDARD = gnu11;
				GCC_DYNAMIC_NO_PIC = NO;
				GCC_NO_COMMON_BLOCKS = YES;
				GCC_OPTIMIZATION_LEVEL = 0;
				GCC_PREPROCESSOR_DEFINITIONS = (
					"DEBUG=1",
					"$(inherited)",
				);
				GCC_WARN_64_TO_32_BIT_CONVERSION = YES;
				GCC_WARN_ABOUT_RETURN_TYPE = YES_ERROR;
				GCC_WARN_UNDECLARED_SELECTOR = YES;
				GCC_WARN_UNINITIALIZED_AUTOS = YES_AGGRESSIVE;
				GCC_WARN_UNUSED_FUNCTION = YES;
				GCC_WARN_UNUSED_VARIABLE = YES;
				IPHONEOS_DEPLOYMENT_TARGET = 15.5;
				MTL_ENABLE_DEBUG_INFO = INCLUDE_SOURCE;
				MTL_FAST_MATH = YES;
				ONLY_ACTIVE_ARCH = YES;
				SDKROOT = iphoneos;
				SWIFT_ACTIVE_COMPILATION_CONDITIONS = DEBUG;
				SWIFT_OPTIMIZATION_LEVEL = "-Onone";
			};
			name = Debug;
		};
		9F7ED69E28D5B18300C18321 /* Release */ = {
			isa = XCBuildConfiguration;
			buildSettings = {
				ALWAYS_SEARCH_USER_PATHS = NO;
				CLANG_ANALYZER_NONNULL = YES;
				CLANG_ANALYZER_NUMBER_OBJECT_CONVERSION = YES_AGGRESSIVE;
				CLANG_CXX_LANGUAGE_STANDARD = "gnu++17";
				CLANG_ENABLE_MODULES = YES;
				CLANG_ENABLE_OBJC_ARC = YES;
				CLANG_ENABLE_OBJC_WEAK = YES;
				CLANG_WARN_BLOCK_CAPTURE_AUTORELEASING = YES;
				CLANG_WARN_BOOL_CONVERSION = YES;
				CLANG_WARN_COMMA = YES;
				CLANG_WARN_CONSTANT_CONVERSION = YES;
				CLANG_WARN_DEPRECATED_OBJC_IMPLEMENTATIONS = YES;
				CLANG_WARN_DIRECT_OBJC_ISA_USAGE = YES_ERROR;
				CLANG_WARN_DOCUMENTATION_COMMENTS = YES;
				CLANG_WARN_EMPTY_BODY = YES;
				CLANG_WARN_ENUM_CONVERSION = YES;
				CLANG_WARN_INFINITE_RECURSION = YES;
				CLANG_WARN_INT_CONVERSION = YES;
				CLANG_WARN_NON_LITERAL_NULL_CONVERSION = YES;
				CLANG_WARN_OBJC_IMPLICIT_RETAIN_SELF = YES;
				CLANG_WARN_OBJC_LITERAL_CONVERSION = YES;
				CLANG_WARN_OBJC_ROOT_CLASS = YES_ERROR;
				CLANG_WARN_QUOTED_INCLUDE_IN_FRAMEWORK_HEADER = YES;
				CLANG_WARN_RANGE_LOOP_ANALYSIS = YES;
				CLANG_WARN_STRICT_PROTOTYPES = YES;
				CLANG_WARN_SUSPICIOUS_MOVE = YES;
				CLANG_WARN_UNGUARDED_AVAILABILITY = YES_AGGRESSIVE;
				CLANG_WARN_UNREACHABLE_CODE = YES;
				CLANG_WARN__DUPLICATE_METHOD_MATCH = YES;
				COPY_PHASE_STRIP = NO;
				DEBUG_INFORMATION_FORMAT = "dwarf-with-dsym";
				ENABLE_NS_ASSERTIONS = NO;
				ENABLE_STRICT_OBJC_MSGSEND = YES;
				GCC_C_LANGUAGE_STANDARD = gnu11;
				GCC_NO_COMMON_BLOCKS = YES;
				GCC_WARN_64_TO_32_BIT_CONVERSION = YES;
				GCC_WARN_ABOUT_RETURN_TYPE = YES_ERROR;
				GCC_WARN_UNDECLARED_SELECTOR = YES;
				GCC_WARN_UNINITIALIZED_AUTOS = YES_AGGRESSIVE;
				GCC_WARN_UNUSED_FUNCTION = YES;
				GCC_WARN_UNUSED_VARIABLE = YES;
				IPHONEOS_DEPLOYMENT_TARGET = 15.5;
				MTL_ENABLE_DEBUG_INFO = NO;
				MTL_FAST_MATH = YES;
				SDKROOT = iphoneos;
				SWIFT_COMPILATION_MODE = wholemodule;
				SWIFT_OPTIMIZATION_LEVEL = "-O";
				VALIDATE_PRODUCT = YES;
			};
			name = Release;
		};
		9F7ED6A028D5B18300C18321 /* Debug */ = {
			isa = XCBuildConfiguration;
			buildSettings = {
				ASSETCATALOG_COMPILER_APPICON_NAME = AppIcon;
				ASSETCATALOG_COMPILER_GLOBAL_ACCENT_COLOR_NAME = AccentColor;
				CODE_SIGN_STYLE = Automatic;
				CURRENT_PROJECT_VERSION = 1;
				DEVELOPMENT_TEAM = 8D5HL26577;
				GENERATE_INFOPLIST_FILE = YES;
				INFOPLIST_FILE = ProductsInfoApp/Info.plist;
				INFOPLIST_KEY_UIApplicationSupportsIndirectInputEvents = YES;
				INFOPLIST_KEY_UILaunchStoryboardName = LaunchScreen;
				INFOPLIST_KEY_UIMainStoryboardFile = Main;
				INFOPLIST_KEY_UISupportedInterfaceOrientations_iPad = "UIInterfaceOrientationPortrait UIInterfaceOrientationPortraitUpsideDown UIInterfaceOrientationLandscapeLeft UIInterfaceOrientationLandscapeRight";
				INFOPLIST_KEY_UISupportedInterfaceOrientations_iPhone = "UIInterfaceOrientationPortrait UIInterfaceOrientationLandscapeLeft UIInterfaceOrientationLandscapeRight";
				IPHONEOS_DEPLOYMENT_TARGET = 15.0;
				LD_RUNPATH_SEARCH_PATHS = (
					"$(inherited)",
					"@executable_path/Frameworks",
				);
				MARKETING_VERSION = 1.0;
				PRODUCT_BUNDLE_IDENTIFIER = com.mobinius.TF.ProductsInfoApp;
				PRODUCT_NAME = "$(TARGET_NAME)";
				SWIFT_EMIT_LOC_STRINGS = YES;
				SWIFT_VERSION = 5.0;
				TARGETED_DEVICE_FAMILY = "1,2";
			};
			name = Debug;
		};
		9F7ED6A128D5B18300C18321 /* Release */ = {
			isa = XCBuildConfiguration;
			buildSettings = {
				ASSETCATALOG_COMPILER_APPICON_NAME = AppIcon;
				ASSETCATALOG_COMPILER_GLOBAL_ACCENT_COLOR_NAME = AccentColor;
				CODE_SIGN_STYLE = Automatic;
				CURRENT_PROJECT_VERSION = 1;
				DEVELOPMENT_TEAM = 8D5HL26577;
				GENERATE_INFOPLIST_FILE = YES;
				INFOPLIST_FILE = ProductsInfoApp/Info.plist;
				INFOPLIST_KEY_UIApplicationSupportsIndirectInputEvents = YES;
				INFOPLIST_KEY_UILaunchStoryboardName = LaunchScreen;
				INFOPLIST_KEY_UIMainStoryboardFile = Main;
				INFOPLIST_KEY_UISupportedInterfaceOrientations_iPad = "UIInterfaceOrientationPortrait UIInterfaceOrientationPortraitUpsideDown UIInterfaceOrientationLandscapeLeft UIInterfaceOrientationLandscapeRight";
				INFOPLIST_KEY_UISupportedInterfaceOrientations_iPhone = "UIInterfaceOrientationPortrait UIInterfaceOrientationLandscapeLeft UIInterfaceOrientationLandscapeRight";
				IPHONEOS_DEPLOYMENT_TARGET = 15.0;
				LD_RUNPATH_SEARCH_PATHS = (
					"$(inherited)",
					"@executable_path/Frameworks",
				);
				MARKETING_VERSION = 1.0;
				PRODUCT_BUNDLE_IDENTIFIER = com.mobinius.TF.ProductsInfoApp;
				PRODUCT_NAME = "$(TARGET_NAME)";
				SWIFT_EMIT_LOC_STRINGS = YES;
				SWIFT_VERSION = 5.0;
				TARGETED_DEVICE_FAMILY = "1,2";
			};
			name = Release;
		};
		9F7ED6A328D5B18300C18321 /* Debug */ = {
			isa = XCBuildConfiguration;
			buildSettings = {
				ALWAYS_EMBED_SWIFT_STANDARD_LIBRARIES = YES;
				BUNDLE_LOADER = "$(TEST_HOST)";
				CODE_SIGN_STYLE = Automatic;
				CURRENT_PROJECT_VERSION = 1;
				DEVELOPMENT_TEAM = 8D5HL26577;
				GENERATE_INFOPLIST_FILE = YES;
				IPHONEOS_DEPLOYMENT_TARGET = 15.5;
				MARKETING_VERSION = 1.0;
				PRODUCT_BUNDLE_IDENTIFIER = com.mobinius.TF.ProductsInfoAppTests;
				PRODUCT_NAME = "$(TARGET_NAME)";
				SWIFT_EMIT_LOC_STRINGS = NO;
				SWIFT_VERSION = 5.0;
				TARGETED_DEVICE_FAMILY = "1,2";
				TEST_HOST = "$(BUILT_PRODUCTS_DIR)/ProductsInfoApp.app/ProductsInfoApp";
			};
			name = Debug;
		};
		9F7ED6A428D5B18300C18321 /* Release */ = {
			isa = XCBuildConfiguration;
			buildSettings = {
				ALWAYS_EMBED_SWIFT_STANDARD_LIBRARIES = YES;
				BUNDLE_LOADER = "$(TEST_HOST)";
				CODE_SIGN_STYLE = Automatic;
				CURRENT_PROJECT_VERSION = 1;
				DEVELOPMENT_TEAM = 8D5HL26577;
				GENERATE_INFOPLIST_FILE = YES;
				IPHONEOS_DEPLOYMENT_TARGET = 15.5;
				MARKETING_VERSION = 1.0;
				PRODUCT_BUNDLE_IDENTIFIER = com.mobinius.TF.ProductsInfoAppTests;
				PRODUCT_NAME = "$(TARGET_NAME)";
				SWIFT_EMIT_LOC_STRINGS = NO;
				SWIFT_VERSION = 5.0;
				TARGETED_DEVICE_FAMILY = "1,2";
				TEST_HOST = "$(BUILT_PRODUCTS_DIR)/ProductsInfoApp.app/ProductsInfoApp";
			};
			name = Release;
		};
		9F7ED6A628D5B18300C18321 /* Debug */ = {
			isa = XCBuildConfiguration;
			buildSettings = {
				ALWAYS_EMBED_SWIFT_STANDARD_LIBRARIES = YES;
				CODE_SIGN_STYLE = Automatic;
				CURRENT_PROJECT_VERSION = 1;
				DEVELOPMENT_TEAM = 8D5HL26577;
				GENERATE_INFOPLIST_FILE = YES;
				MARKETING_VERSION = 1.0;
				PRODUCT_BUNDLE_IDENTIFIER = com.mobinius.TF.ProductsInfoAppUITests;
				PRODUCT_NAME = "$(TARGET_NAME)";
				SWIFT_EMIT_LOC_STRINGS = NO;
				SWIFT_VERSION = 5.0;
				TARGETED_DEVICE_FAMILY = "1,2";
				TEST_TARGET_NAME = ProductsInfoApp;
			};
			name = Debug;
		};
		9F7ED6A728D5B18300C18321 /* Release */ = {
			isa = XCBuildConfiguration;
			buildSettings = {
				ALWAYS_EMBED_SWIFT_STANDARD_LIBRARIES = YES;
				CODE_SIGN_STYLE = Automatic;
				CURRENT_PROJECT_VERSION = 1;
				DEVELOPMENT_TEAM = 8D5HL26577;
				GENERATE_INFOPLIST_FILE = YES;
				MARKETING_VERSION = 1.0;
				PRODUCT_BUNDLE_IDENTIFIER = com.mobinius.TF.ProductsInfoAppUITests;
				PRODUCT_NAME = "$(TARGET_NAME)";
				SWIFT_EMIT_LOC_STRINGS = NO;
				SWIFT_VERSION = 5.0;
				TARGETED_DEVICE_FAMILY = "1,2";
				TEST_TARGET_NAME = ProductsInfoApp;
			};
			name = Release;
		};
/* End XCBuildConfiguration section */

/* Begin XCConfigurationList section */
		9F7ED66D28D5B18100C18321 /* Build configuration list for PBXProject "ProductsInfoApp" */ = {
			isa = XCConfigurationList;
			buildConfigurations = (
				9F7ED69D28D5B18300C18321 /* Debug */,
				9F7ED69E28D5B18300C18321 /* Release */,
			);
			defaultConfigurationIsVisible = 0;
			defaultConfigurationName = Release;
		};
		9F7ED69F28D5B18300C18321 /* Build configuration list for PBXNativeTarget "ProductsInfoApp" */ = {
			isa = XCConfigurationList;
			buildConfigurations = (
				9F7ED6A028D5B18300C18321 /* Debug */,
				9F7ED6A128D5B18300C18321 /* Release */,
			);
			defaultConfigurationIsVisible = 0;
			defaultConfigurationName = Release;
		};
		9F7ED6A228D5B18300C18321 /* Build configuration list for PBXNativeTarget "ProductsInfoAppTests" */ = {
			isa = XCConfigurationList;
			buildConfigurations = (
				9F7ED6A328D5B18300C18321 /* Debug */,
				9F7ED6A428D5B18300C18321 /* Release */,
			);
			defaultConfigurationIsVisible = 0;
			defaultConfigurationName = Release;
		};
		9F7ED6A528D5B18300C18321 /* Build configuration list for PBXNativeTarget "ProductsInfoAppUITests" */ = {
			isa = XCConfigurationList;
			buildConfigurations = (
				9F7ED6A628D5B18300C18321 /* Debug */,
				9F7ED6A728D5B18300C18321 /* Release */,
			);
			defaultConfigurationIsVisible = 0;
			defaultConfigurationName = Release;
		};
/* End XCConfigurationList section */

/* Begin XCVersionGroup section */
		9F7ED67E28D5B18100C18321 /* ProductsInfoApp.xcdatamodeld */ = {
			isa = XCVersionGroup;
			children = (
				9F7ED67F28D5B18100C18321 /* ProductsInfoApp.xcdatamodel */,
			);
			currentVersion = 9F7ED67F28D5B18100C18321 /* ProductsInfoApp.xcdatamodel */;
			path = ProductsInfoApp.xcdatamodeld;
			sourceTree = "<group>";
			versionGroupType = wrapper.xcdatamodel;
		};
/* End XCVersionGroup section */
	};
	rootObject = 9F7ED66A28D5B18100C18321 /* Project object */;
}
